
Microsoft Visual Studio Solution File, Format Version 12.00
# Visual Studio Version 17
VisualStudioVersion = 17.9.34622.214
MinimumVisualStudioVersion = 10.0.40219.1
Project("{FAE04EC0-301F-11D3-BF4B-00C04F79EFBC}") = "Task8-New", "Task8-New.csproj", "{B9A31ADE-1D34-4DFA-9C8C-E17A68A1131C}"
EndProject
Global
	GlobalSection(SolutionConfigurationPlatforms) = preSolution
		Debug|Any CPU = Debug|Any CPU
		Release|Any CPU = Release|Any CPU
	EndGlobalSection
	GlobalSection(ProjectConfigurationPlatforms) = postSolution
		{B9A31ADE-1D34-4DFA-9C8C-E17A68A1131C}.Debug|Any CPU.ActiveCfg = Debug|Any CPU
		{B9A31ADE-1D34-4DFA-9C8C-E17A68A1131C}.Debug|Any CPU.Build.0 = Debug|Any CPU
		{B9A31ADE-1D34-4DFA-9C8C-E17A68A1131C}.Release|Any CPU.ActiveCfg = Release|Any CPU
		{B9A31ADE-1D34-4DFA-9C8C-E17A68A1131C}.Release|Any CPU.Build.0 = Release|Any CPU
	EndGlobalSection
	GlobalSection(SolutionProperties) = preSolution
		HideSolutionNode = FALSE
	EndGlobalSection
	GlobalSection(ExtensibilityGlobals) = postSolution
		SolutionGuid = {5AAF5AFA-EF55-4F58-A67D-82C707D81837}
	EndGlobalSection
EndGlobal
